<?xml version="1.0" encoding="utf-8"?>
<Project ToolsVersion="4.0" xmlns="http://schemas.microsoft.com/developer/msbuild/2003">
  <ItemGroup>
    <Filter Include="ソース ファイル">
      <UniqueIdentifier>{4FC737F1-C7A5-4376-A066-2A32D752A2FF}</UniqueIdentifier>
      <Extensions>cpp;c;cc;cxx;def;odl;idl;hpj;bat;asm;asmx</Extensions>
    </Filter>
    <Filter Include="ヘッダー ファイル">
      <UniqueIdentifier>{93995380-89BD-4b04-88EB-625FBE52EBFB}</UniqueIdentifier>
      <Extensions>h;hh;hpp;hxx;hm;inl;inc;xsd</Extensions>
    </Filter>
    <Filter Include="リソース ファイル">
      <UniqueIdentifier>{67DA6AB6-F800-4c08-8B7A-83BB121AAD01}</UniqueIdentifier>
      <Extensions>rc;ico;cur;bmp;dlg;rc2;rct;bin;rgs;gif;jpg;jpeg;jpe;resx;tiff;tif;png;wav;mfcribbon-ms</Extensions>
    </Filter>
    <Filter Include="Engine">
      <UniqueIdentifier>{e69941ce-fb89-4ca0-99fa-7ca76fea8123}</UniqueIdentifier>
    </Filter>
    <Filter Include="Utility">
      <UniqueIdentifier>{290d3122-a623-42ee-90b7-2a0f7f2192ba}</UniqueIdentifier>
    </Filter>
    <Filter Include="リソース ファイル\shaderData">
      <UniqueIdentifier>{5132eeeb-5577-4f36-8cb3-6e4ef50ebaf5}</UniqueIdentifier>
    </Filter>
    <Filter Include="Component">
      <UniqueIdentifier>{0fdf94d1-1992-44e2-9402-163bff60b6e9}</UniqueIdentifier>
    </Filter>
    <Filter Include="DXEngine">
      <UniqueIdentifier>{a2b8d5bc-a92e-456d-933d-0a0c3b741fc9}</UniqueIdentifier>
    </Filter>
    <Filter Include="DXEngine\Camera">
      <UniqueIdentifier>{cd423a41-a70a-4dac-9fca-8ce95262233c}</UniqueIdentifier>
    </Filter>
    <Filter Include="DXEngine\PrimitiveData">
      <UniqueIdentifier>{1dd3c966-e2eb-463b-8ab4-88bf98c2e2f5}</UniqueIdentifier>
    </Filter>
    <Filter Include="DXEngine\Shader">
      <UniqueIdentifier>{a9dd78b7-f50e-436b-8271-eba5a22d391e}</UniqueIdentifier>
    </Filter>
    <Filter Include="DXEngine\Shader\VertexShader">
      <UniqueIdentifier>{b83f2486-1b31-4407-ad16-ec6a70e2df0f}</UniqueIdentifier>
    </Filter>
    <Filter Include="DXEngine\Shader\PixelShader">
      <UniqueIdentifier>{390b9e7f-090d-478d-8fbe-4500828b89c5}</UniqueIdentifier>
    </Filter>
    <Filter Include="DXEngine\Shader\GeometryShader">
      <UniqueIdentifier>{2bdffd7e-f3d8-4397-a8ef-7de98967033a}</UniqueIdentifier>
    </Filter>
    <Filter Include="DXEngine\Sprite">
      <UniqueIdentifier>{629ef05d-7c24-4a56-8021-d96e7206817f}</UniqueIdentifier>
    </Filter>
    <Filter Include="DXEngine\Texture">
      <UniqueIdentifier>{deb7bc3c-5351-43a2-9134-1892829d35ee}</UniqueIdentifier>
    </Filter>
    <Filter Include="DXEngine\Vertex">
      <UniqueIdentifier>{55b46b7a-3710-4261-92c4-62e16253a52e}</UniqueIdentifier>
    </Filter>
    <Filter Include="DXEngine\VertexBuffer">
      <UniqueIdentifier>{14ed3dd7-609e-4be7-bfe0-fa0a3f40a711}</UniqueIdentifier>
    </Filter>
    <Filter Include="DXEngine\Mesh">
      <UniqueIdentifier>{e6ce5465-bbca-42cf-a17f-5d0493e44c1f}</UniqueIdentifier>
    </Filter>
    <Filter Include="DXEngine\Input">
      <UniqueIdentifier>{43b00ebe-a357-4920-8907-5aca130a8032}</UniqueIdentifier>
    </Filter>
    <Filter Include="DXEngine\Input\KeyBoard">
      <UniqueIdentifier>{735a7793-7ea9-4fbf-98e6-04ce1c3f9786}</UniqueIdentifier>
    </Filter>
    <Filter Include="DXEngine\DXDevice">
      <UniqueIdentifier>{45dce1b9-2856-4cc4-b525-03ee8df0f865}</UniqueIdentifier>
    </Filter>
    <Filter Include="DXEngine\DXEngine">
      <UniqueIdentifier>{ced1e97e-7d24-43ba-8b34-198deb571a8f}</UniqueIdentifier>
    </Filter>
    <Filter Include="Engine\Device">
      <UniqueIdentifier>{fc40b5a0-11f2-4481-ae6f-a8e58f8a6374}</UniqueIdentifier>
    </Filter>
    <Filter Include="GameSystem">
      <UniqueIdentifier>{2976d576-34f7-492a-9b58-a56c9281e0aa}</UniqueIdentifier>
    </Filter>
    <Filter Include="GameSystem\ComPtr">
      <UniqueIdentifier>{5ea81a4d-d18b-49f7-b581-45bf0e52f4b6}</UniqueIdentifier>
    </Filter>
    <Filter Include="GameSystem\Console">
      <UniqueIdentifier>{b1fc246a-ae5e-4b2d-b188-7ce00680c205}</UniqueIdentifier>
    </Filter>
    <Filter Include="GameSystem\FPS">
      <UniqueIdentifier>{7230894e-c781-4229-a273-87b6933617a9}</UniqueIdentifier>
    </Filter>
    <Filter Include="GameSystem\FBX">
      <UniqueIdentifier>{987fbbdd-4766-45ad-a124-c0073fd9f044}</UniqueIdentifier>
    </Filter>
    <Filter Include="GameSystem\System">
      <UniqueIdentifier>{f3af0728-70df-46ba-a3f7-3075f988f32f}</UniqueIdentifier>
    </Filter>
    <Filter Include="GameSystem\Screen">
      <UniqueIdentifier>{1bf18357-a814-4d65-8e76-5c17343f1db7}</UniqueIdentifier>
    </Filter>
    <Filter Include="GameSystem\Sample">
      <UniqueIdentifier>{8b18a7b3-b4d0-4ceb-9126-5bf61f6f1657}</UniqueIdentifier>
    </Filter>
    <Filter Include="GLEngine">
      <UniqueIdentifier>{e524e46e-2446-4bf5-92cf-87c07e54f0e3}</UniqueIdentifier>
    </Filter>
    <Filter Include="GLEngine\GLDevice">
      <UniqueIdentifier>{2a90a02d-4057-4135-8dd9-5e8550a07717}</UniqueIdentifier>
    </Filter>
    <Filter Include="GameSystem\ODE">
      <UniqueIdentifier>{ce3b8c5c-961e-4c10-a9a5-0fea60d8cd50}</UniqueIdentifier>
    </Filter>
    <Filter Include="GameSystem\ODE\Collision">
      <UniqueIdentifier>{2d973af2-65c6-429d-a217-d68f89d4ad34}</UniqueIdentifier>
    </Filter>
    <Filter Include="GameSystem\ODE\Physics">
      <UniqueIdentifier>{f0e9996d-56f1-4df2-9d3b-7239881959bc}</UniqueIdentifier>
    </Filter>
    <Filter Include="GameSystem\ODE\RigidBody">
      <UniqueIdentifier>{73c7f9d0-0146-4d0e-bd09-5d054481397c}</UniqueIdentifier>
    </Filter>
    <Filter Include="GameSystem\GameMain">
      <UniqueIdentifier>{eb6b26d4-761c-4545-8a39-bd1bc08ef9bb}</UniqueIdentifier>
    </Filter>
    <Filter Include="Engine\Device\DeviceFactory">
      <UniqueIdentifier>{48d42cb3-0b35-4a7a-a80a-1c9861f3f6c5}</UniqueIdentifier>
    </Filter>
    <Filter Include="GameSystem\Particle">
      <UniqueIdentifier>{2d68ce7a-f365-442a-8b29-7824e330fac5}</UniqueIdentifier>
    </Filter>
    <Filter Include="GameSystem\Window">
      <UniqueIdentifier>{aeb68481-5a88-464b-9c9e-1e4af44b0c2c}</UniqueIdentifier>
    </Filter>
    <Filter Include="Component\Texture">
      <UniqueIdentifier>{c72f7a18-6a18-47e7-acd2-a6488ea59bb3}</UniqueIdentifier>
    </Filter>
    <Filter Include="Component\Model">
      <UniqueIdentifier>{e9da4b69-7cd0-4297-b6f7-7789aef71eb4}</UniqueIdentifier>
    </Filter>
    <Filter Include="Component\Sprite">
      <UniqueIdentifier>{d2a56ab1-36bc-4017-9b5f-d73aeb0fe672}</UniqueIdentifier>
    </Filter>
    <Filter Include="DXEngine\Material">
      <UniqueIdentifier>{938a8363-a7ce-4f11-a1be-6e44bc61ebce}</UniqueIdentifier>
    </Filter>
    <Filter Include="DXEngine\Math">
      <UniqueIdentifier>{c3d69c9d-dc81-49ad-adcf-86281c4d6262}</UniqueIdentifier>
    </Filter>
    <Filter Include="DXEngine\Sound">
      <UniqueIdentifier>{d6fb8911-7902-44bf-b9da-3af6515be02d}</UniqueIdentifier>
    </Filter>
    <Filter Include="DXEngine\Sound\Audio">
      <UniqueIdentifier>{89272f59-cc64-4b97-a170-2e1e9fe07870}</UniqueIdentifier>
    </Filter>
    <Filter Include="DXEngine\Sound\Wave">
      <UniqueIdentifier>{43c59800-ab75-4ad6-8497-3cf78bb06b00}</UniqueIdentifier>
    </Filter>
    <Filter Include="DXEngine\Model">
      <UniqueIdentifier>{735b52ad-d7fb-4a69-a327-0e5c7d8af4aa}</UniqueIdentifier>
    </Filter>
    <Filter Include="Component\AnimationData">
      <UniqueIdentifier>{bb4feabd-d3e7-4028-8724-b09e0148eceb}</UniqueIdentifier>
    </Filter>
  </ItemGroup>
  <ItemGroup>
    <ClCompile Include="src\WinMain.cpp">
      <Filter>ソース ファイル</Filter>
    </ClCompile>
    <ClCompile Include="src\Engine\Engine.cpp">
      <Filter>Engine</Filter>
    </ClCompile>
    <ClCompile Include="src\DXEngine\Camera\Camera.cpp">
      <Filter>DXEngine\Camera</Filter>
    </ClCompile>
    <ClCompile Include="src\Engine\Device\Device.cpp">
      <Filter>Engine\Device</Filter>
    </ClCompile>
    <ClCompile Include="src\Engine\Device\DeviceFactory\DeviceFactory.cpp">
      <Filter>Engine\Device\DeviceFactory</Filter>
    </ClCompile>
    <ClCompile Include="src\DXEngine\DXDevice\DXDevice.cpp">
      <Filter>DXEngine\DXDevice</Filter>
    </ClCompile>
    <ClCompile Include="src\DXEngine\DXEngine\DXEngine.cpp">
      <Filter>DXEngine\DXEngine</Filter>
    </ClCompile>
    <ClCompile Include="src\DXEngine\Input\Input.cpp">
      <Filter>DXEngine\Input</Filter>
    </ClCompile>
    <ClCompile Include="src\DXEngine\Input\KeyBoard\KeyBoard.cpp">
      <Filter>DXEngine\Input\KeyBoard</Filter>
    </ClCompile>
    <ClCompile Include="src\DXEngine\Material\Material.cpp">
      <Filter>DXEngine\Material</Filter>
    </ClCompile>
    <ClCompile Include="src\DXEngine\Math\Math.cpp">
      <Filter>DXEngine\Math</Filter>
    </ClCompile>
    <ClCompile Include="src\DXEngine\Mesh\Mesh.cpp">
      <Filter>DXEngine\Mesh</Filter>
    </ClCompile>
    <ClCompile Include="src\DXEngine\Sound\Wave\Wave.cpp">
      <Filter>DXEngine\Sound\Wave</Filter>
    </ClCompile>
    <ClCompile Include="src\DXEngine\Sound\Audio\Audio.cpp">
      <Filter>DXEngine\Sound\Audio</Filter>
    </ClCompile>
    <ClCompile Include="src\DXEngine\PrimitiveData\PrimitiveData.cpp">
      <Filter>DXEngine\PrimitiveData</Filter>
    </ClCompile>
    <ClCompile Include="src\DXEngine\Shader\VertexShader\VertexShader.cpp">
      <Filter>DXEngine\Shader\VertexShader</Filter>
    </ClCompile>
    <ClCompile Include="src\DXEngine\Shader\PixelShader\PixelShader.cpp">
      <Filter>DXEngine\Shader\PixelShader</Filter>
    </ClCompile>
    <ClCompile Include="src\DXEngine\Shader\GeometryShader\GeometryShader.cpp">
      <Filter>DXEngine\Shader\GeometryShader</Filter>
    </ClCompile>
    <ClCompile Include="src\DXEngine\Shader\Shader.cpp">
      <Filter>DXEngine\Shader</Filter>
    </ClCompile>
    <ClCompile Include="src\DXEngine\Sprite\Sprite.cpp">
      <Filter>DXEngine\Sprite</Filter>
    </ClCompile>
    <ClCompile Include="src\DXEngine\Texture\Texture.cpp">
      <Filter>DXEngine\Texture</Filter>
    </ClCompile>
    <ClCompile Include="src\DXEngine\Vertex\Vertex.cpp">
      <Filter>DXEngine\Vertex</Filter>
    </ClCompile>
    <ClCompile Include="src\DXEngine\VertexBuffer\VertexBuffer.cpp">
      <Filter>DXEngine\VertexBuffer</Filter>
    </ClCompile>
    <ClCompile Include="src\GLEngine\GLDevice\GLDevice.cpp">
      <Filter>GLEngine\GLDevice</Filter>
    </ClCompile>
    <ClCompile Include="src\GameSystem\ComPtr\ComPtr.cpp">
      <Filter>GameSystem\ComPtr</Filter>
    </ClCompile>
    <ClCompile Include="src\GameSystem\Fbx\Fbx.cpp">
      <Filter>GameSystem\FBX</Filter>
    </ClCompile>
    <ClCompile Include="src\GameSystem\FPS\FPS.cpp">
      <Filter>GameSystem\FPS</Filter>
    </ClCompile>
    <ClCompile Include="src\GameSystem\GameMain\GameMain.cpp">
      <Filter>GameSystem\GameMain</Filter>
    </ClCompile>
    <ClCompile Include="src\GameSystem\ODE\Collision\Collision.cpp">
      <Filter>GameSystem\ODE\Collision</Filter>
    </ClCompile>
    <ClCompile Include="src\GameSystem\ODE\Physics\Physics.cpp">
      <Filter>GameSystem\ODE\Physics</Filter>
    </ClCompile>
    <ClCompile Include="src\GameSystem\ODE\RigidBody\RigidBody.cpp">
      <Filter>GameSystem\ODE\RigidBody</Filter>
    </ClCompile>
    <ClCompile Include="src\GameSystem\Particle\Particle.cpp">
      <Filter>GameSystem\Particle</Filter>
    </ClCompile>
    <ClCompile Include="src\GameSystem\Sample\Sample.cpp">
      <Filter>GameSystem\Sample</Filter>
    </ClCompile>
    <ClCompile Include="src\GameSystem\Screen\Screen.cpp">
      <Filter>GameSystem\Screen</Filter>
    </ClCompile>
    <ClCompile Include="src\GameSystem\System\System.cpp">
      <Filter>GameSystem\System</Filter>
    </ClCompile>
    <ClCompile Include="src\GameSystem\Window\Window.cpp">
      <Filter>GameSystem\Window</Filter>
    </ClCompile>
    <ClCompile Include="src\DXEngine\Model\Model.cpp">
      <Filter>DXEngine\Model</Filter>
    </ClCompile>
    <ClCompile Include="src\Component\AnimationData\AnimationData.cpp">
      <Filter>Component\AnimationData</Filter>
    </ClCompile>
  </ItemGroup>
  <ItemGroup>
    <ClInclude Include="src\Engine\Engine.h">
      <Filter>Engine</Filter>
    </ClInclude>
    <ClInclude Include="src\Utility\Utility.hpp">
      <Filter>Utility</Filter>
    </ClInclude>
    <ClInclude Include="src\DXEngine\Camera\Camera.h">
      <Filter>DXEngine\Camera</Filter>
    </ClInclude>
    <ClInclude Include="src\Engine\Device\Device.h">
      <Filter>Engine\Device</Filter>
    </ClInclude>
    <ClInclude Include="src\Engine\Device\DeviceFactory\DeviceFactory.h">
      <Filter>Engine\Device\DeviceFactory</Filter>
    </ClInclude>
    <ClInclude Include="src\DXEngine\DXDevice\DXDevice.h">
      <Filter>DXEngine\DXDevice</Filter>
    </ClInclude>
    <ClInclude Include="src\DXEngine\DXEngine\DXEngine.h">
      <Filter>DXEngine\DXEngine</Filter>
    </ClInclude>
    <ClInclude Include="src\DXEngine\Input\Input.h">
      <Filter>DXEngine\Input</Filter>
    </ClInclude>
    <ClInclude Include="src\DXEngine\Input\KeyBoard\KeyBoard.h">
      <Filter>DXEngine\Input\KeyBoard</Filter>
    </ClInclude>
    <ClInclude Include="src\DXEngine\Material\Material.h">
      <Filter>DXEngine\Material</Filter>
    </ClInclude>
    <ClInclude Include="src\DXEngine\Math\Math.h">
      <Filter>DXEngine\Math</Filter>
    </ClInclude>
    <ClInclude Include="src\DXEngine\Mesh\Mesh.h">
      <Filter>DXEngine\Mesh</Filter>
    </ClInclude>
    <ClInclude Include="src\DXEngine\Sound\Wave\Wave.h">
      <Filter>DXEngine\Sound\Wave</Filter>
    </ClInclude>
    <ClInclude Include="src\DXEngine\Sound\Audio\Audio.h">
      <Filter>DXEngine\Sound\Audio</Filter>
    </ClInclude>
    <ClInclude Include="src\DXEngine\PrimitiveData\PrimitiveData.h">
      <Filter>DXEngine\PrimitiveData</Filter>
    </ClInclude>
    <ClInclude Include="src\DXEngine\Shader\VertexShader\VertexShader.h">
      <Filter>DXEngine\Shader\VertexShader</Filter>
    </ClInclude>
    <ClInclude Include="src\DXEngine\Shader\PixelShader\PixelShader.h">
      <Filter>DXEngine\Shader\PixelShader</Filter>
    </ClInclude>
    <ClInclude Include="src\DXEngine\Shader\GeometryShader\GeometryShader.h">
      <Filter>DXEngine\Shader\GeometryShader</Filter>
    </ClInclude>
    <ClInclude Include="src\DXEngine\Shader\Shader.h">
      <Filter>DXEngine\Shader</Filter>
    </ClInclude>
    <ClInclude Include="src\DXEngine\Sprite\Sprite.h">
      <Filter>DXEngine\Sprite</Filter>
    </ClInclude>
    <ClInclude Include="src\DXEngine\Texture\Texture.h">
      <Filter>DXEngine\Texture</Filter>
    </ClInclude>
    <ClInclude Include="src\DXEngine\Vertex\Vertex.h">
      <Filter>DXEngine\Vertex</Filter>
    </ClInclude>
    <ClInclude Include="src\DXEngine\VertexBuffer\VertexBuffer.h">
      <Filter>DXEngine\VertexBuffer</Filter>
    </ClInclude>
    <ClInclude Include="src\GLEngine\GLDevice\GLDevice.h">
      <Filter>GLEngine\GLDevice</Filter>
    </ClInclude>
    <ClInclude Include="src\GameSystem\ComPtr\ComPtr.h">
      <Filter>GameSystem\ComPtr</Filter>
    </ClInclude>
    <ClInclude Include="src\GameSystem\Console\Console.hpp">
      <Filter>GameSystem\Console</Filter>
    </ClInclude>
    <ClInclude Include="src\GameSystem\Fbx\Fbx.h">
      <Filter>GameSystem\FBX</Filter>
    </ClInclude>
    <ClInclude Include="src\GameSystem\FPS\FPS.h">
      <Filter>GameSystem\FPS</Filter>
    </ClInclude>
    <ClInclude Include="src\GameSystem\GameMain\GameMain.h">
      <Filter>GameSystem\GameMain</Filter>
    </ClInclude>
    <ClInclude Include="src\GameSystem\ODE\Collision\Collision.h">
      <Filter>GameSystem\ODE\Collision</Filter>
    </ClInclude>
    <ClInclude Include="src\GameSystem\ODE\Physics\Physics.h">
      <Filter>GameSystem\ODE\Physics</Filter>
    </ClInclude>
    <ClInclude Include="src\GameSystem\ODE\RigidBody\RigidBody.h">
      <Filter>GameSystem\ODE\RigidBody</Filter>
    </ClInclude>
    <ClInclude Include="src\GameSystem\Particle\Particle.h">
      <Filter>GameSystem\Particle</Filter>
    </ClInclude>
    <ClInclude Include="src\GameSystem\Sample\Sample.h">
      <Filter>GameSystem\Sample</Filter>
    </ClInclude>
    <ClInclude Include="src\GameSystem\Screen\Screen.h">
      <Filter>GameSystem\Screen</Filter>
    </ClInclude>
    <ClInclude Include="src\GameSystem\System\System.h">
      <Filter>GameSystem\System</Filter>
    </ClInclude>
    <ClInclude Include="src\GameSystem\Window\Window.h">
      <Filter>GameSystem\Window</Filter>
    </ClInclude>
    <ClInclude Include="src\Utility\debug.hpp">
      <Filter>Utility</Filter>
    </ClInclude>
    <ClInclude Include="src\DXEngine\Model\Model.h">
      <Filter>DXEngine\Model</Filter>
    </ClInclude>
    <ClInclude Include="src\Component\AnimationData\AnimationData.h">
      <Filter>Component\AnimationData</Filter>
    </ClInclude>
  </ItemGroup>
  <ItemGroup>
    <FxCompile Include="data\shaderData\PixelShader.hlsl">
      <Filter>リソース ファイル\shaderData</Filter>
    </FxCompile>
    <FxCompile Include="data\shaderData\VertexShader.hlsl">
      <Filter>リソース ファイル\shaderData</Filter>
    </FxCompile>
  </ItemGroup>
  <ItemGroup>
    <None Include="data\shaderData\textureShader.hlsl">
      <Filter>リソース ファイル\shaderData</Filter>
    </None>
  </ItemGroup>
</Project>